
Microsoft Visual Studio Solution File, Format Version 12.00
Project("{FAE04EC0-301F-11D3-BF4B-00C04F79EFBC}") = "API_Task2", "API_Task2\API_Task2.csproj", "{F6386C9B-1821-409B-B39E-3F917AD36D39}"
EndProject
Global
	GlobalSection(SolutionConfigurationPlatforms) = preSolution
		Debug|Any CPU = Debug|Any CPU
		Release|Any CPU = Release|Any CPU
	EndGlobalSection
	GlobalSection(ProjectConfigurationPlatforms) = postSolution
		{F6386C9B-1821-409B-B39E-3F917AD36D39}.Debug|Any CPU.ActiveCfg = Debug|Any CPU
		{F6386C9B-1821-409B-B39E-3F917AD36D39}.Debug|Any CPU.Build.0 = Debug|Any CPU
		{F6386C9B-1821-409B-B39E-3F917AD36D39}.Release|Any CPU.ActiveCfg = Release|Any CPU
		{F6386C9B-1821-409B-B39E-3F917AD36D39}.Release|Any CPU.Build.0 = Release|Any CPU
	EndGlobalSection
EndGlobal
