
Microsoft Visual Studio Solution File, Format Version 12.00
Project("{FAE04EC0-301F-11D3-BF4B-00C04F79EFBC}") = "T", "T\T.csproj", "{5F9438AF-690D-4502-BE5A-6CBE2CCF3F84}"
EndProject
Project("{FAE04EC0-301F-11D3-BF4B-00C04F79EFBC}") = "U", "U\U.csproj", "{846BB029-0185-4583-A207-C783292AB850}"
EndProject
Project("{FAE04EC0-301F-11D3-BF4B-00C04F79EFBC}") = "V", "V\V.csproj", "{F8C38F90-BC1E-45FF-AA4C-09A253FE6568}"
EndProject
Project("{FAE04EC0-301F-11D3-BF4B-00C04F79EFBC}") = "W", "W\W.csproj", "{5112D781-C4B7-4163-B3EC-A14815EA7577}"
EndProject
Project("{FAE04EC0-301F-11D3-BF4B-00C04F79EFBC}") = "X", "X\X.csproj", "{0A629C02-8457-47E3-8C97-F8389EB28855}"
EndProject
Global
	GlobalSection(SolutionConfigurationPlatforms) = preSolution
		Debug|Any CPU = Debug|Any CPU
		Release|Any CPU = Release|Any CPU
	EndGlobalSection
	GlobalSection(ProjectConfigurationPlatforms) = postSolution
		{5F9438AF-690D-4502-BE5A-6CBE2CCF3F84}.Debug|Any CPU.ActiveCfg = Debug|Any CPU
		{5F9438AF-690D-4502-BE5A-6CBE2CCF3F84}.Debug|Any CPU.Build.0 = Debug|Any CPU
		{5F9438AF-690D-4502-BE5A-6CBE2CCF3F84}.Release|Any CPU.ActiveCfg = Release|Any CPU
		{5F9438AF-690D-4502-BE5A-6CBE2CCF3F84}.Release|Any CPU.Build.0 = Release|Any CPU
		{846BB029-0185-4583-A207-C783292AB850}.Debug|Any CPU.ActiveCfg = Debug|Any CPU
		{846BB029-0185-4583-A207-C783292AB850}.Debug|Any CPU.Build.0 = Debug|Any CPU
		{846BB029-0185-4583-A207-C783292AB850}.Release|Any CPU.ActiveCfg = Release|Any CPU
		{846BB029-0185-4583-A207-C783292AB850}.Release|Any CPU.Build.0 = Release|Any CPU
		{F8C38F90-BC1E-45FF-AA4C-09A253FE6568}.Debug|Any CPU.ActiveCfg = Debug|Any CPU
		{F8C38F90-BC1E-45FF-AA4C-09A253FE6568}.Debug|Any CPU.Build.0 = Debug|Any CPU
		{F8C38F90-BC1E-45FF-AA4C-09A253FE6568}.Release|Any CPU.ActiveCfg = Release|Any CPU
		{F8C38F90-BC1E-45FF-AA4C-09A253FE6568}.Release|Any CPU.Build.0 = Release|Any CPU
		{5112D781-C4B7-4163-B3EC-A14815EA7577}.Debug|Any CPU.ActiveCfg = Debug|Any CPU
		{5112D781-C4B7-4163-B3EC-A14815EA7577}.Debug|Any CPU.Build.0 = Debug|Any CPU
		{5112D781-C4B7-4163-B3EC-A14815EA7577}.Release|Any CPU.ActiveCfg = Release|Any CPU
		{5112D781-C4B7-4163-B3EC-A14815EA7577}.Release|Any CPU.Build.0 = Release|Any CPU
		{0A629C02-8457-47E3-8C97-F8389EB28855}.Debug|Any CPU.ActiveCfg = Debug|Any CPU
		{0A629C02-8457-47E3-8C97-F8389EB28855}.Debug|Any CPU.Build.0 = Debug|Any CPU
		{0A629C02-8457-47E3-8C97-F8389EB28855}.Release|Any CPU.ActiveCfg = Release|Any CPU
		{0A629C02-8457-47E3-8C97-F8389EB28855}.Release|Any CPU.Build.0 = Release|Any CPU
	EndGlobalSection
EndGlobal
