
Microsoft Visual Studio Solution File, Format Version 12.00
Project("{FAE04EC0-301F-11D3-BF4B-00C04F79EFBC}") = "EF-Task-1", "EF-Task-1\EF-Task-1.csproj", "{FE36C02C-D0B2-4EE1-B2C8-427F614BAD11}"
EndProject
Project("{FAE04EC0-301F-11D3-BF4B-00C04F79EFBC}") = "Dapper-Task", "Dapper-Task\Dapper-Task.csproj", "{8A047F96-35E3-43A2-B6DA-37DE0EA0FC29}"
EndProject
Global
	GlobalSection(SolutionConfigurationPlatforms) = preSolution
		Debug|Any CPU = Debug|Any CPU
		Release|Any CPU = Release|Any CPU
	EndGlobalSection
	GlobalSection(ProjectConfigurationPlatforms) = postSolution
		{FE36C02C-D0B2-4EE1-B2C8-427F614BAD11}.Debug|Any CPU.ActiveCfg = Debug|Any CPU
		{FE36C02C-D0B2-4EE1-B2C8-427F614BAD11}.Debug|Any CPU.Build.0 = Debug|Any CPU
		{FE36C02C-D0B2-4EE1-B2C8-427F614BAD11}.Release|Any CPU.ActiveCfg = Release|Any CPU
		{FE36C02C-D0B2-4EE1-B2C8-427F614BAD11}.Release|Any CPU.Build.0 = Release|Any CPU
		{8A047F96-35E3-43A2-B6DA-37DE0EA0FC29}.Debug|Any CPU.ActiveCfg = Debug|Any CPU
		{8A047F96-35E3-43A2-B6DA-37DE0EA0FC29}.Debug|Any CPU.Build.0 = Debug|Any CPU
		{8A047F96-35E3-43A2-B6DA-37DE0EA0FC29}.Release|Any CPU.ActiveCfg = Release|Any CPU
		{8A047F96-35E3-43A2-B6DA-37DE0EA0FC29}.Release|Any CPU.Build.0 = Release|Any CPU
	EndGlobalSection
EndGlobal
