
Microsoft Visual Studio Solution File, Format Version 12.00
Project("{FAE04EC0-301F-11D3-BF4B-00C04F79EFBC}") = "FindNameOfTheFirstMalePerson", "FindNameOfTheFirstMalePerson\FindNameOfTheFirstMalePerson.csproj", "{344771D6-3963-41DC-9652-E87B969A1916}"
EndProject
Project("{FAE04EC0-301F-11D3-BF4B-00C04F79EFBC}") = "FindNameOfTheFirstPersonCallMohammed", "FindNameOfTheFirstPersonCallMohammed\FindNameOfTheFirstPersonCallMohammed.csproj", "{BAEBF05F-224E-480A-8C30-C92AAB73D960}"
EndProject
Project("{FAE04EC0-301F-11D3-BF4B-00C04F79EFBC}") = "DFS", "DFS\DFS.csproj", "{91940C67-98EC-4664-A549-1FC858C62A2F}"
EndProject
Project("{FAE04EC0-301F-11D3-BF4B-00C04F79EFBC}") = "AdjacentListGraph", "AdjacentListGraph\AdjacentListGraph.csproj", "{2D2E76CE-2A41-4582-BD5F-72410FECFB6F}"
EndProject
Project("{FAE04EC0-301F-11D3-BF4B-00C04F79EFBC}") = "ReflectionTask", "ReflectionTask\ReflectionTask.csproj", "{C3B7448F-2B19-4649-9B02-B9C345302693}"
EndProject
Global
	GlobalSection(SolutionConfigurationPlatforms) = preSolution
		Debug|Any CPU = Debug|Any CPU
		Release|Any CPU = Release|Any CPU
	EndGlobalSection
	GlobalSection(ProjectConfigurationPlatforms) = postSolution
		{344771D6-3963-41DC-9652-E87B969A1916}.Debug|Any CPU.ActiveCfg = Debug|Any CPU
		{344771D6-3963-41DC-9652-E87B969A1916}.Debug|Any CPU.Build.0 = Debug|Any CPU
		{344771D6-3963-41DC-9652-E87B969A1916}.Release|Any CPU.ActiveCfg = Release|Any CPU
		{344771D6-3963-41DC-9652-E87B969A1916}.Release|Any CPU.Build.0 = Release|Any CPU
		{BAEBF05F-224E-480A-8C30-C92AAB73D960}.Debug|Any CPU.ActiveCfg = Debug|Any CPU
		{BAEBF05F-224E-480A-8C30-C92AAB73D960}.Debug|Any CPU.Build.0 = Debug|Any CPU
		{BAEBF05F-224E-480A-8C30-C92AAB73D960}.Release|Any CPU.ActiveCfg = Release|Any CPU
		{BAEBF05F-224E-480A-8C30-C92AAB73D960}.Release|Any CPU.Build.0 = Release|Any CPU
		{91940C67-98EC-4664-A549-1FC858C62A2F}.Debug|Any CPU.ActiveCfg = Debug|Any CPU
		{91940C67-98EC-4664-A549-1FC858C62A2F}.Debug|Any CPU.Build.0 = Debug|Any CPU
		{91940C67-98EC-4664-A549-1FC858C62A2F}.Release|Any CPU.ActiveCfg = Release|Any CPU
		{91940C67-98EC-4664-A549-1FC858C62A2F}.Release|Any CPU.Build.0 = Release|Any CPU
		{2D2E76CE-2A41-4582-BD5F-72410FECFB6F}.Debug|Any CPU.ActiveCfg = Debug|Any CPU
		{2D2E76CE-2A41-4582-BD5F-72410FECFB6F}.Debug|Any CPU.Build.0 = Debug|Any CPU
		{2D2E76CE-2A41-4582-BD5F-72410FECFB6F}.Release|Any CPU.ActiveCfg = Release|Any CPU
		{2D2E76CE-2A41-4582-BD5F-72410FECFB6F}.Release|Any CPU.Build.0 = Release|Any CPU
		{C3B7448F-2B19-4649-9B02-B9C345302693}.Debug|Any CPU.ActiveCfg = Debug|Any CPU
		{C3B7448F-2B19-4649-9B02-B9C345302693}.Debug|Any CPU.Build.0 = Debug|Any CPU
		{C3B7448F-2B19-4649-9B02-B9C345302693}.Release|Any CPU.ActiveCfg = Release|Any CPU
		{C3B7448F-2B19-4649-9B02-B9C345302693}.Release|Any CPU.Build.0 = Release|Any CPU
	EndGlobalSection
EndGlobal
